
Microsoft Visual Studio Solution File, Format Version 12.00
# Visual Studio Version 17
VisualStudioVersion = 17.5.33516.290
MinimumVisualStudioVersion = 10.0.40219.1
Project("{9092AA53-FB77-4645-B42D-1CCCA6BD08BD}") = "NodejsWebApp2", "NodejsWebApp2.njsproj", "{3FF895F0-EE96-4C51-988F-FBF3BB9CF39B}"
EndProject
Global
	GlobalSection(SolutionConfigurationPlatforms) = preSolution
		Debug|Any CPU = Debug|Any CPU
		Release|Any CPU = Release|Any CPU
	EndGlobalSection
	GlobalSection(ProjectConfigurationPlatforms) = postSolution
		{3FF895F0-EE96-4C51-988F-FBF3BB9CF39B}.Debug|Any CPU.ActiveCfg = Debug|Any CPU
		{3FF895F0-EE96-4C51-988F-FBF3BB9CF39B}.Debug|Any CPU.Build.0 = Debug|Any CPU
		{3FF895F0-EE96-4C51-988F-FBF3BB9CF39B}.Release|Any CPU.ActiveCfg = Release|Any CPU
		{3FF895F0-EE96-4C51-988F-FBF3BB9CF39B}.Release|Any CPU.Build.0 = Release|Any CPU
	EndGlobalSection
	GlobalSection(SolutionProperties) = preSolution
		HideSolutionNode = FALSE
	EndGlobalSection
	GlobalSection(ExtensibilityGlobals) = postSolution
		SolutionGuid = {2FFE5824-C7F9-4F50-B1C4-072B44BA2AD7}
	EndGlobalSection
EndGlobal
